
Microsoft Visual Studio Solution File, Format Version 12.00
# Visual Studio 2013
VisualStudioVersion = 12.0.21005.1
MinimumVisualStudioVersion = 10.0.40219.1
Project("{FAE04EC0-301F-11D3-BF4B-00C04F79EFBC}") = "stfu-listen", "stfu-listener\stfu-listen.csproj", "{665A0998-837E-49A0-98EA-FADF5A4C0DA4}"
EndProject
Project("{FAE04EC0-301F-11D3-BF4B-00C04F79EFBC}") = "stfu-shout", "stfu-shout\stfu-shout.csproj", "{EC38A60B-FB73-401E-9BE0-27799F2DF9A1}"
EndProject
Project("{2150E333-8FDC-42A3-9474-1A3956D46DE8}") = "Solution Items", "Solution Items", "{958C6A26-6B1B-4797-AC31-9BB6ED0CE33F}"
EndProject
Project("{FAE04EC0-301F-11D3-BF4B-00C04F79EFBC}") = "stfu-test", "stfu-test\stfu-test.csproj", "{D115FE49-B2E2-42C6-B970-4FFE69F2FAB9}"
EndProject
Global
	GlobalSection(SolutionConfigurationPlatforms) = preSolution
		Debug|Any CPU = Debug|Any CPU
		Debug|x64 = Debug|x64
		Debug|x86 = Debug|x86
		Release|Any CPU = Release|Any CPU
		Release|x64 = Release|x64
		Release|x86 = Release|x86
	EndGlobalSection
	GlobalSection(ProjectConfigurationPlatforms) = postSolution
		{665A0998-837E-49A0-98EA-FADF5A4C0DA4}.Debug|Any CPU.ActiveCfg = Debug|x64
		{665A0998-837E-49A0-98EA-FADF5A4C0DA4}.Debug|x64.ActiveCfg = Debug|x64
		{665A0998-837E-49A0-98EA-FADF5A4C0DA4}.Debug|x64.Build.0 = Debug|x64
		{665A0998-837E-49A0-98EA-FADF5A4C0DA4}.Debug|x86.ActiveCfg = Debug|x64
		{665A0998-837E-49A0-98EA-FADF5A4C0DA4}.Debug|x86.Build.0 = Debug|x64
		{665A0998-837E-49A0-98EA-FADF5A4C0DA4}.Release|Any CPU.ActiveCfg = Release|x64
		{665A0998-837E-49A0-98EA-FADF5A4C0DA4}.Release|Any CPU.Build.0 = Release|x64
		{665A0998-837E-49A0-98EA-FADF5A4C0DA4}.Release|x64.ActiveCfg = Release|x64
		{665A0998-837E-49A0-98EA-FADF5A4C0DA4}.Release|x64.Build.0 = Release|x64
		{665A0998-837E-49A0-98EA-FADF5A4C0DA4}.Release|x86.ActiveCfg = Release|x86
		{665A0998-837E-49A0-98EA-FADF5A4C0DA4}.Release|x86.Build.0 = Release|x86
		{EC38A60B-FB73-401E-9BE0-27799F2DF9A1}.Debug|Any CPU.ActiveCfg = Debug|x64
		{EC38A60B-FB73-401E-9BE0-27799F2DF9A1}.Debug|x64.ActiveCfg = Debug|x64
		{EC38A60B-FB73-401E-9BE0-27799F2DF9A1}.Debug|x64.Build.0 = Debug|x64
		{EC38A60B-FB73-401E-9BE0-27799F2DF9A1}.Debug|x86.ActiveCfg = Debug|x64
		{EC38A60B-FB73-401E-9BE0-27799F2DF9A1}.Debug|x86.Build.0 = Debug|x64
		{EC38A60B-FB73-401E-9BE0-27799F2DF9A1}.Release|Any CPU.ActiveCfg = Release|x64
		{EC38A60B-FB73-401E-9BE0-27799F2DF9A1}.Release|Any CPU.Build.0 = Release|x64
		{EC38A60B-FB73-401E-9BE0-27799F2DF9A1}.Release|x64.ActiveCfg = Release|x64
		{EC38A60B-FB73-401E-9BE0-27799F2DF9A1}.Release|x64.Build.0 = Release|x64
		{EC38A60B-FB73-401E-9BE0-27799F2DF9A1}.Release|x86.ActiveCfg = Release|x86
		{EC38A60B-FB73-401E-9BE0-27799F2DF9A1}.Release|x86.Build.0 = Release|x86
		{D115FE49-B2E2-42C6-B970-4FFE69F2FAB9}.Debug|Any CPU.ActiveCfg = Debug|x64
		{D115FE49-B2E2-42C6-B970-4FFE69F2FAB9}.Debug|x64.ActiveCfg = Debug|x64
		{D115FE49-B2E2-42C6-B970-4FFE69F2FAB9}.Debug|x64.Build.0 = Debug|x64
		{D115FE49-B2E2-42C6-B970-4FFE69F2FAB9}.Debug|x86.ActiveCfg = Debug|x64
		{D115FE49-B2E2-42C6-B970-4FFE69F2FAB9}.Debug|x86.Build.0 = Debug|x64
		{D115FE49-B2E2-42C6-B970-4FFE69F2FAB9}.Release|Any CPU.ActiveCfg = Release|x64
		{D115FE49-B2E2-42C6-B970-4FFE69F2FAB9}.Release|Any CPU.Build.0 = Release|x64
		{D115FE49-B2E2-42C6-B970-4FFE69F2FAB9}.Release|x64.ActiveCfg = Release|x64
		{D115FE49-B2E2-42C6-B970-4FFE69F2FAB9}.Release|x64.Build.0 = Release|x64
		{D115FE49-B2E2-42C6-B970-4FFE69F2FAB9}.Release|x86.ActiveCfg = Release|x86
		{D115FE49-B2E2-42C6-B970-4FFE69F2FAB9}.Release|x86.Build.0 = Release|x86
	EndGlobalSection
	GlobalSection(SolutionProperties) = preSolution
		HideSolutionNode = FALSE
	EndGlobalSection
EndGlobal
